
Microsoft Visual Studio Solution File, Format Version 12.00
# Visual Studio Version 16
VisualStudioVersion = 16.0.30717.126
MinimumVisualStudioVersion = 10.0.40219.1
Project("{9A19103F-16F7-4668-BE54-9A1E7A4F7556}") = "EstacionamentoWeb", "EstacionamentoWeb.csproj", "{48584C91-47E2-4DD5-8E19-C586D685EC81}"
EndProject
Global
	GlobalSection(SolutionConfigurationPlatforms) = preSolution
		Debug|Any CPU = Debug|Any CPU
		Release|Any CPU = Release|Any CPU
	EndGlobalSection
	GlobalSection(ProjectConfigurationPlatforms) = postSolution
		{48584C91-47E2-4DD5-8E19-C586D685EC81}.Debug|Any CPU.ActiveCfg = Debug|Any CPU
		{48584C91-47E2-4DD5-8E19-C586D685EC81}.Debug|Any CPU.Build.0 = Debug|Any CPU
		{48584C91-47E2-4DD5-8E19-C586D685EC81}.Release|Any CPU.ActiveCfg = Release|Any CPU
		{48584C91-47E2-4DD5-8E19-C586D685EC81}.Release|Any CPU.Build.0 = Release|Any CPU
	EndGlobalSection
	GlobalSection(SolutionProperties) = preSolution
		HideSolutionNode = FALSE
	EndGlobalSection
	GlobalSection(ExtensibilityGlobals) = postSolution
		SolutionGuid = {10E46E15-66D4-4F0D-8810-48A28288551E}
	EndGlobalSection
EndGlobal
